
Microsoft Visual Studio Solution File, Format Version 12.00
# Visual Studio Version 17
VisualStudioVersion = 17.1.32228.430
MinimumVisualStudioVersion = 10.0.40219.1
Project("{FAE04EC0-301F-11D3-BF4B-00C04F79EFBC}") = "AluraTunes", "AluraTunes\AluraTunes.csproj", "{7BD5DB0D-8AE9-4992-916E-F604EBB0E18A}"
EndProject
Global
	GlobalSection(SolutionConfigurationPlatforms) = preSolution
		Debug|Any CPU = Debug|Any CPU
		Release|Any CPU = Release|Any CPU
	EndGlobalSection
	GlobalSection(ProjectConfigurationPlatforms) = postSolution
		{7BD5DB0D-8AE9-4992-916E-F604EBB0E18A}.Debug|Any CPU.ActiveCfg = Debug|Any CPU
		{7BD5DB0D-8AE9-4992-916E-F604EBB0E18A}.Debug|Any CPU.Build.0 = Debug|Any CPU
		{7BD5DB0D-8AE9-4992-916E-F604EBB0E18A}.Release|Any CPU.ActiveCfg = Release|Any CPU
		{7BD5DB0D-8AE9-4992-916E-F604EBB0E18A}.Release|Any CPU.Build.0 = Release|Any CPU
	EndGlobalSection
	GlobalSection(SolutionProperties) = preSolution
		HideSolutionNode = FALSE
	EndGlobalSection
	GlobalSection(ExtensibilityGlobals) = postSolution
		SolutionGuid = {AEC2931B-D10D-4CDE-8CF9-860869337D56}
	EndGlobalSection
EndGlobal
